
Microsoft Visual Studio Solution File, Format Version 12.00
# Visual Studio 2013
VisualStudioVersion = 12.0.21005.1
MinimumVisualStudioVersion = 10.0.40219.1
Project("{8BC9CEB8-8B4A-11D0-8D11-00A0C91BC942}") = "C++_Test0819(Sort)", "C++_Test0819(Sort)\C++_Test0819(Sort).vcxproj", "{06D53875-9F70-4B0B-A2D1-1B601C7B8EC3}"
EndProject
Global
	GlobalSection(SolutionConfigurationPlatforms) = preSolution
		Debug|Win32 = Debug|Win32
		Release|Win32 = Release|Win32
	EndGlobalSection
	GlobalSection(ProjectConfigurationPlatforms) = postSolution
		{06D53875-9F70-4B0B-A2D1-1B601C7B8EC3}.Debug|Win32.ActiveCfg = Debug|Win32
		{06D53875-9F70-4B0B-A2D1-1B601C7B8EC3}.Debug|Win32.Build.0 = Debug|Win32
		{06D53875-9F70-4B0B-A2D1-1B601C7B8EC3}.Release|Win32.ActiveCfg = Release|Win32
		{06D53875-9F70-4B0B-A2D1-1B601C7B8EC3}.Release|Win32.Build.0 = Release|Win32
	EndGlobalSection
	GlobalSection(SolutionProperties) = preSolution
		HideSolutionNode = FALSE
	EndGlobalSection
EndGlobal
