
Microsoft Visual Studio Solution File, Format Version 12.00
# Visual Studio 2013
VisualStudioVersion = 12.0.21005.1
MinimumVisualStudioVersion = 10.0.40219.1
Project("{8BC9CEB8-8B4A-11D0-8D11-00A0C91BC942}") = "test0525", "test0525\test0525.vcxproj", "{E99F918F-7F7F-41AF-8C0C-F9F21D34D7A2}"
EndProject
Global
	GlobalSection(SolutionConfigurationPlatforms) = preSolution
		Debug|Win32 = Debug|Win32
		Release|Win32 = Release|Win32
	EndGlobalSection
	GlobalSection(ProjectConfigurationPlatforms) = postSolution
		{E99F918F-7F7F-41AF-8C0C-F9F21D34D7A2}.Debug|Win32.ActiveCfg = Debug|Win32
		{E99F918F-7F7F-41AF-8C0C-F9F21D34D7A2}.Debug|Win32.Build.0 = Debug|Win32
		{E99F918F-7F7F-41AF-8C0C-F9F21D34D7A2}.Release|Win32.ActiveCfg = Release|Win32
		{E99F918F-7F7F-41AF-8C0C-F9F21D34D7A2}.Release|Win32.Build.0 = Release|Win32
	EndGlobalSection
	GlobalSection(SolutionProperties) = preSolution
		HideSolutionNode = FALSE
	EndGlobalSection
EndGlobal
