
Microsoft Visual Studio Solution File, Format Version 12.00
# Visual Studio 2013
VisualStudioVersion = 12.0.21005.1
MinimumVisualStudioVersion = 10.0.40219.1
Project("{8BC9CEB8-8B4A-11D0-8D11-00A0C91BC942}") = "C++_Test0710", "C++_Test0710\C++_Test0710.vcxproj", "{A758D624-64CB-4786-8FA7-31C15CBA07CD}"
EndProject
Global
	GlobalSection(SolutionConfigurationPlatforms) = preSolution
		Debug|Win32 = Debug|Win32
		Release|Win32 = Release|Win32
	EndGlobalSection
	GlobalSection(ProjectConfigurationPlatforms) = postSolution
		{A758D624-64CB-4786-8FA7-31C15CBA07CD}.Debug|Win32.ActiveCfg = Debug|Win32
		{A758D624-64CB-4786-8FA7-31C15CBA07CD}.Debug|Win32.Build.0 = Debug|Win32
		{A758D624-64CB-4786-8FA7-31C15CBA07CD}.Release|Win32.ActiveCfg = Release|Win32
		{A758D624-64CB-4786-8FA7-31C15CBA07CD}.Release|Win32.Build.0 = Release|Win32
	EndGlobalSection
	GlobalSection(SolutionProperties) = preSolution
		HideSolutionNode = FALSE
	EndGlobalSection
EndGlobal
