
Microsoft Visual Studio Solution File, Format Version 12.00
# Visual Studio 2013
VisualStudioVersion = 12.0.21005.1
MinimumVisualStudioVersion = 10.0.40219.1
Project("{8BC9CEB8-8B4A-11D0-8D11-00A0C91BC942}") = "C++_Test0712(BTree)", "C++_Test0712(BTree)\C++_Test0712(BTree).vcxproj", "{7E82B10B-CA27-4C91-A54D-46D7D8F98463}"
EndProject
Global
	GlobalSection(SolutionConfigurationPlatforms) = preSolution
		Debug|Win32 = Debug|Win32
		Release|Win32 = Release|Win32
	EndGlobalSection
	GlobalSection(ProjectConfigurationPlatforms) = postSolution
		{7E82B10B-CA27-4C91-A54D-46D7D8F98463}.Debug|Win32.ActiveCfg = Debug|Win32
		{7E82B10B-CA27-4C91-A54D-46D7D8F98463}.Debug|Win32.Build.0 = Debug|Win32
		{7E82B10B-CA27-4C91-A54D-46D7D8F98463}.Release|Win32.ActiveCfg = Release|Win32
		{7E82B10B-CA27-4C91-A54D-46D7D8F98463}.Release|Win32.Build.0 = Release|Win32
	EndGlobalSection
	GlobalSection(SolutionProperties) = preSolution
		HideSolutionNode = FALSE
	EndGlobalSection
EndGlobal
